
Microsoft Visual Studio Solution File, Format Version 12.00
# Visual Studio Version 17
VisualStudioVersion = 17.9.34622.214
MinimumVisualStudioVersion = 10.0.40219.1
Project("{FAE04EC0-301F-11D3-BF4B-00C04F79EFBC}") = "NetCoreV2", "NetCoreV2\NetCoreV2.csproj", "{BD31774E-98E8-4862-B551-170D7E1B3A27}"
EndProject
Global
	GlobalSection(SolutionConfigurationPlatforms) = preSolution
		Debug|Any CPU = Debug|Any CPU
		Release|Any CPU = Release|Any CPU
	EndGlobalSection
	GlobalSection(ProjectConfigurationPlatforms) = postSolution
		{BD31774E-98E8-4862-B551-170D7E1B3A27}.Debug|Any CPU.ActiveCfg = Debug|Any CPU
		{BD31774E-98E8-4862-B551-170D7E1B3A27}.Debug|Any CPU.Build.0 = Debug|Any CPU
		{BD31774E-98E8-4862-B551-170D7E1B3A27}.Release|Any CPU.ActiveCfg = Release|Any CPU
		{BD31774E-98E8-4862-B551-170D7E1B3A27}.Release|Any CPU.Build.0 = Release|Any CPU
	EndGlobalSection
	GlobalSection(SolutionProperties) = preSolution
		HideSolutionNode = FALSE
	EndGlobalSection
	GlobalSection(ExtensibilityGlobals) = postSolution
		SolutionGuid = {241957C4-58A7-4E8D-B246-7CAD4232C0D1}
	EndGlobalSection
EndGlobal
