
Microsoft Visual Studio Solution File, Format Version 12.00
# Visual Studio Version 17
VisualStudioVersion = 17.9.34622.214
MinimumVisualStudioVersion = 10.0.40219.1
Project("{9A19103F-16F7-4668-BE54-9A1E7A4F7556}") = "NetCoreV2", "NetCoreV2\NetCoreV2.csproj", "{BD31774E-98E8-4862-B551-170D7E1B3A27}"
EndProject
Project("{9A19103F-16F7-4668-BE54-9A1E7A4F7556}") = "BusinessLayer", "BusinessLayer\BusinessLayer.csproj", "{D293DF3A-3254-4F65-8AF0-DD78B0BE9754}"
EndProject
Project("{9A19103F-16F7-4668-BE54-9A1E7A4F7556}") = "DataAccessLayer", "DataAccessLayer\DataAccessLayer.csproj", "{D036BF3B-1895-4739-A7D0-D86E46600177}"
EndProject
Project("{9A19103F-16F7-4668-BE54-9A1E7A4F7556}") = "CoreLayer", "CoreLayer\CoreLayer.csproj", "{52F4D36F-AB48-48BB-9D7F-47266C567BFE}"
EndProject
Project("{9A19103F-16F7-4668-BE54-9A1E7A4F7556}") = "EntityLayer", "EntityLayer\EntityLayer.csproj", "{9799D40F-E643-477A-8B3F-B16DE81665F6}"
EndProject
Project("{FAE04EC0-301F-11D3-BF4B-00C04F79EFBC}") = "BlogApiDemo", "BlogApiDemo\BlogApiDemo.csproj", "{C4DEC6E7-F90A-4293-BE82-60182B291013}"
EndProject
Global
	GlobalSection(SolutionConfigurationPlatforms) = preSolution
		Debug|Any CPU = Debug|Any CPU
		Release|Any CPU = Release|Any CPU
	EndGlobalSection
	GlobalSection(ProjectConfigurationPlatforms) = postSolution
		{BD31774E-98E8-4862-B551-170D7E1B3A27}.Debug|Any CPU.ActiveCfg = Debug|Any CPU
		{BD31774E-98E8-4862-B551-170D7E1B3A27}.Debug|Any CPU.Build.0 = Debug|Any CPU
		{BD31774E-98E8-4862-B551-170D7E1B3A27}.Release|Any CPU.ActiveCfg = Release|Any CPU
		{BD31774E-98E8-4862-B551-170D7E1B3A27}.Release|Any CPU.Build.0 = Release|Any CPU
		{D293DF3A-3254-4F65-8AF0-DD78B0BE9754}.Debug|Any CPU.ActiveCfg = Debug|Any CPU
		{D293DF3A-3254-4F65-8AF0-DD78B0BE9754}.Debug|Any CPU.Build.0 = Debug|Any CPU
		{D293DF3A-3254-4F65-8AF0-DD78B0BE9754}.Release|Any CPU.ActiveCfg = Release|Any CPU
		{D293DF3A-3254-4F65-8AF0-DD78B0BE9754}.Release|Any CPU.Build.0 = Release|Any CPU
		{D036BF3B-1895-4739-A7D0-D86E46600177}.Debug|Any CPU.ActiveCfg = Debug|Any CPU
		{D036BF3B-1895-4739-A7D0-D86E46600177}.Debug|Any CPU.Build.0 = Debug|Any CPU
		{D036BF3B-1895-4739-A7D0-D86E46600177}.Release|Any CPU.ActiveCfg = Release|Any CPU
		{D036BF3B-1895-4739-A7D0-D86E46600177}.Release|Any CPU.Build.0 = Release|Any CPU
		{52F4D36F-AB48-48BB-9D7F-47266C567BFE}.Debug|Any CPU.ActiveCfg = Debug|Any CPU
		{52F4D36F-AB48-48BB-9D7F-47266C567BFE}.Debug|Any CPU.Build.0 = Debug|Any CPU
		{52F4D36F-AB48-48BB-9D7F-47266C567BFE}.Release|Any CPU.ActiveCfg = Release|Any CPU
		{52F4D36F-AB48-48BB-9D7F-47266C567BFE}.Release|Any CPU.Build.0 = Release|Any CPU
		{9799D40F-E643-477A-8B3F-B16DE81665F6}.Debug|Any CPU.ActiveCfg = Debug|Any CPU
		{9799D40F-E643-477A-8B3F-B16DE81665F6}.Debug|Any CPU.Build.0 = Debug|Any CPU
		{9799D40F-E643-477A-8B3F-B16DE81665F6}.Release|Any CPU.ActiveCfg = Release|Any CPU
		{9799D40F-E643-477A-8B3F-B16DE81665F6}.Release|Any CPU.Build.0 = Release|Any CPU
		{C4DEC6E7-F90A-4293-BE82-60182B291013}.Debug|Any CPU.ActiveCfg = Debug|Any CPU
		{C4DEC6E7-F90A-4293-BE82-60182B291013}.Debug|Any CPU.Build.0 = Debug|Any CPU
		{C4DEC6E7-F90A-4293-BE82-60182B291013}.Release|Any CPU.ActiveCfg = Release|Any CPU
		{C4DEC6E7-F90A-4293-BE82-60182B291013}.Release|Any CPU.Build.0 = Release|Any CPU
	EndGlobalSection
	GlobalSection(SolutionProperties) = preSolution
		HideSolutionNode = FALSE
	EndGlobalSection
	GlobalSection(ExtensibilityGlobals) = postSolution
		SolutionGuid = {241957C4-58A7-4E8D-B246-7CAD4232C0D1}
	EndGlobalSection
EndGlobal
